
Microsoft Visual Studio Solution File, Format Version 12.00
# Visual Studio 14
VisualStudioVersion = 14.0.25420.1
MinimumVisualStudioVersion = 10.0.40219.1
Project("{2150E333-8FDC-42A3-9474-1A3956D46DE8}") = "0 Common", "0 Common", "{825F5444-3089-4EA4-82E6-28C8598AD340}"
EndProject
Project("{2150E333-8FDC-42A3-9474-1A3956D46DE8}") = "1 Presenataion", "1 Presenataion", "{4620BEA0-30F0-4A91-BD25-C2A9FC34D197}"
EndProject
Project("{2150E333-8FDC-42A3-9474-1A3956D46DE8}") = "2 Service", "2 Service", "{15EC8727-C7AF-49B8-91A6-C3D65873E87E}"
EndProject
Project("{2150E333-8FDC-42A3-9474-1A3956D46DE8}") = "3 BLL", "3 BLL", "{FC0AD0E2-CEF0-41F0-A4B7-FB6C920F9851}"
EndProject
Project("{2150E333-8FDC-42A3-9474-1A3956D46DE8}") = "4 DAL", "4 DAL", "{93A3F394-9BB9-43C4-B806-57C4636EF7CE}"
EndProject
Project("{2150E333-8FDC-42A3-9474-1A3956D46DE8}") = "5 Test", "5 Test", "{61431316-A0B1-4C8B-9071-73F53D51FD06}"
EndProject
Project("{FAE04EC0-301F-11D3-BF4B-00C04F79EFBC}") = "OpenQbit.Masterdb.Common.Models", "OpenQbit.Masterdb.Common.Models\OpenQbit.Masterdb.Common.Models.csproj", "{E981658B-80C8-486F-AA62-76D81070244D}"
EndProject
Project("{FAE04EC0-301F-11D3-BF4B-00C04F79EFBC}") = "Masterdb.DataAccsess.DAL", "Masterdb.DataAccsess.DAL\Masterdb.DataAccsess.DAL.csproj", "{B03E4994-3A4E-4419-A54F-32E27AC97846}"
EndProject
Global
	GlobalSection(SolutionConfigurationPlatforms) = preSolution
		Debug|Any CPU = Debug|Any CPU
		Release|Any CPU = Release|Any CPU
	EndGlobalSection
	GlobalSection(ProjectConfigurationPlatforms) = postSolution
		{E981658B-80C8-486F-AA62-76D81070244D}.Debug|Any CPU.ActiveCfg = Debug|Any CPU
		{E981658B-80C8-486F-AA62-76D81070244D}.Debug|Any CPU.Build.0 = Debug|Any CPU
		{E981658B-80C8-486F-AA62-76D81070244D}.Release|Any CPU.ActiveCfg = Release|Any CPU
		{E981658B-80C8-486F-AA62-76D81070244D}.Release|Any CPU.Build.0 = Release|Any CPU
		{B03E4994-3A4E-4419-A54F-32E27AC97846}.Debug|Any CPU.ActiveCfg = Debug|Any CPU
		{B03E4994-3A4E-4419-A54F-32E27AC97846}.Debug|Any CPU.Build.0 = Debug|Any CPU
		{B03E4994-3A4E-4419-A54F-32E27AC97846}.Release|Any CPU.ActiveCfg = Release|Any CPU
		{B03E4994-3A4E-4419-A54F-32E27AC97846}.Release|Any CPU.Build.0 = Release|Any CPU
	EndGlobalSection
	GlobalSection(SolutionProperties) = preSolution
		HideSolutionNode = FALSE
	EndGlobalSection
	GlobalSection(NestedProjects) = preSolution
		{E981658B-80C8-486F-AA62-76D81070244D} = {825F5444-3089-4EA4-82E6-28C8598AD340}
		{B03E4994-3A4E-4419-A54F-32E27AC97846} = {93A3F394-9BB9-43C4-B806-57C4636EF7CE}
	EndGlobalSection
EndGlobal
